PackratFormat: 1.4
PackratVersion: 0.4.8.1
RVersion: 3.4.2
Repos: CRAN=https://cran.rstudio.com/

Package: BH
Source: CRAN
Version: 1.65.0-1
Hash: 95f62be4d6916aae14a310a8b56a6475

Package: DT
Source: CRAN
Version: 0.2
Hash: 36b032203797956fedad5a25055016a9
Requires: htmltools, htmlwidgets, magrittr

Package: MASS
Source: CRAN
Version: 7.3-47
Hash: cef924b1619219cfc32edbb8a340e652

Package: Matrix
Source: CRAN
Version: 1.2-11
Hash: 3a02b9fca85b799a55f553a4ba4b003c
Requires: lattice

Package: R6
Source: CRAN
Version: 2.2.2
Hash: b2366cd9d2f3851a5704b4e192b985c2

Package: RColorBrewer
Source: CRAN
Version: 1.1-2
Hash: c0d56cd15034f395874c870141870c25

Package: Rcpp
Source: CRAN
Version: 0.12.13
Hash: b9d8d89ff10ca2d8bfdaccdf83045ba1

Package: TTR
Source: CRAN
Version: 0.23-2
Hash: e46bdb7c1058913a2a3e093855f36be7
Requires: curl, xts, zoo

Package: XML
Source: CRAN
Version: 3.98-1.9
Hash: 02079c4025bbfa0f63400cc0bb414952

Package: assertthat
Source: CRAN
Version: 0.2.0
Hash: e8805df54c65ac96d50235c44a82615c

Package: bindr
Source: CRAN
Version: 0.1
Hash: e3a02070cf705d3ad1c5af1635a515a3

Package: bindrcpp
Source: CRAN
Version: 0.2
Hash: e011aef1e6b2f8ff15d833f56abcf0ba
Requires: Rcpp, bindr, plogr

Package: broom
Source: CRAN
Version: 0.4.2
Hash: 7ebcffa46afb467e3f3c5687946f6e1a
Requires: dplyr, nlme, plyr, psych, reshape2, stringr, tidyr

Package: colorspace
Source: CRAN
Version: 1.3-2
Hash: 0bf8618b585fa98eb23414cd3ab95118

Package: curl
Source: CRAN
Version: 2.8.1
Hash: 5a3f385f21add1e944b93b3cd9ce8b48

Package: data.table
Source: CRAN
Version: 1.10.4-2
Hash: ed54dbec3394d9a8e8fd3c02d94380a5

Package: dichromat
Source: CRAN
Version: 2.0-0
Hash: 08eed0c80510af29bb15f840ccfe37ce

Package: digest
Source: CRAN
Version: 0.6.12
Hash: e53fb8c58673df868183697e39a6a4d6

Package: dplyr
Source: CRAN
Version: 0.7.4
Hash: 8f4e0074ac488385f084e27bf6f54d41
Requires: BH, R6, Rcpp, assertthat, bindrcpp, glue, magrittr,
    pkgconfig, plogr, rlang, tibble

Package: dygraphs
Source: CRAN
Version: 1.1.1.4
Hash: 6c0c428f37a8923a337e1af157f63839
Requires: htmltools, htmlwidgets, magrittr, xts, zoo

Package: foreign
Source: CRAN
Version: 0.8-69
Hash: 6cb09ceba757189aff90eb9bb72c8983

Package: ggplot2
Source: CRAN
Version: 2.2.1
Hash: 46e5cb78836848aa44655e577433f54b
Requires: MASS, digest, gtable, lazyeval, plyr, reshape2, scales,
    tibble

Package: glue
Source: CRAN
Version: 1.1.1
Hash: dfd5a27768175ae51d08dc6beba1ef11

Package: googleVis
Source: CRAN
Version: 0.6.2
Hash: 69d98815d46d7a69429a27cf70626967
Requires: jsonlite

Package: gtable
Source: CRAN
Version: 0.2.0
Hash: cd78381a9d3fea966ac39bd0daaf5554

Package: highcharter
Source: CRAN
Version: 0.5.0
Hash: 24c0ecb58e6aeec48fa9f04c3b936687
Requires: assertthat, broom, dplyr, htmltools, htmlwidgets, igraph,
    jsonlite, lubridate, magrittr, purrr, quantmod, rlist, stringr,
    tibble, tidyr, xts, zoo

Package: htmltools
Source: CRAN
Version: 0.3.6
Hash: 34e5c725d3ae30a76516792edcc16f24
Requires: Rcpp, digest

Package: htmlwidgets
Source: CRAN
Version: 0.9
Hash: 7514f6ea9f3bef6d9b6c945095275302
Requires: htmltools, jsonlite, yaml

Package: httpuv
Source: CRAN
Version: 1.3.5
Hash: 6fb95f48d0fbf453ad18ace1606b6192
Requires: Rcpp

Package: igraph
Source: CRAN
Version: 1.1.2
Hash: 07d33f151f94269a4573d354104e81aa
Requires: Matrix, irlba, magrittr, pkgconfig

Package: irlba
Source: CRAN
Version: 2.2.1
Hash: 35437a4fd43dbefef9d8b1fd457b3a5f
Requires: Matrix

Package: jsonlite
Source: CRAN
Version: 1.5
Hash: 9c51936d8dd00b2f1d4fe9d10499694c

Package: labeling
Source: CRAN
Version: 0.3
Hash: ecf589b42cd284b03a4beb9665482d3e

Package: lattice
Source: CRAN
Version: 0.20-35
Hash: 26b9d7f0d0cb4e1d1bbb97f867c82d89

Package: lazyeval
Source: CRAN
Version: 0.2.0
Hash: 3d6e7608e65bbf5cb170dab1e3c9ed8b

Package: lubridate
Source: CRAN
Version: 1.6.0
Hash: b90f4cbefe0b3c545dd68b22c66a8a12
Requires: stringr

Package: magrittr
Source: CRAN
Version: 1.5
Hash: bdc4d48c3135e8f3b399536ddf160df4

Package: mime
Source: CRAN
Version: 0.5
Hash: 463550cf44fb6f0a2359368f42eebe62

Package: mnormt
Source: CRAN
Version: 1.5-5
Hash: d0d5efbb1fb26d2dc5f9394c223084b5

Package: munsell
Source: CRAN
Version: 0.4.3
Hash: f96d896947fcaf9b6d0074002e9f4f9d
Requires: colorspace

Package: nlme
Source: CRAN
Version: 3.1-131
Hash: 7f5580f9c481d6921298f224c391b308
Requires: lattice

Package: packrat
Source: CRAN
Version: 0.4.8-1
Hash: 6ad605ba7b4b476d84be6632393f5765

Package: pkgconfig
Source: CRAN
Version: 2.0.1
Hash: 0dda4a2654a22b36a715c2b0b6fbacac

Package: plogr
Source: CRAN
Version: 0.1-1
Hash: fb19215402e2d9f1c7f803dcaa806fc2

Package: plyr
Source: CRAN
Version: 1.8.4
Hash: 9598fbff0cce13bee89ae3a50230d93f
Requires: Rcpp

Package: psych
Source: CRAN
Version: 1.7.8
Hash: a9e7713423365e42e06413285a89e610
Requires: foreign, lattice, mnormt, nlme

Package: purrr
Source: CRAN
Version: 0.2.3
Hash: d741f262ed1b74543e33c5426a497996
Requires: magrittr, rlang, tibble

Package: quantmod
Source: CRAN
Version: 0.4-10
Hash: 3923617e2cdffdaac302dd4c1c42e794
Requires: TTR, curl, xts, zoo

Package: reshape2
Source: CRAN
Version: 1.4.2
Hash: cca35d2c477d99d8bc53908939eb659e
Requires: Rcpp, plyr, stringr

Package: rlang
Source: CRAN
Version: 0.1.2
Hash: c17b638e3282aa222a47112d7a60bc66

Package: rlist
Source: CRAN
Version: 0.4.6.1
Hash: 549b1d78af0592d937069501b9b0ba0b
Requires: XML, data.table, jsonlite, yaml

Package: scales
Source: CRAN
Version: 0.5.0
Hash: 1e70c4e1dcc1c51847edc9f4bc11a81e
Requires: R6, RColorBrewer, Rcpp, dichromat, labeling, munsell, plyr,
    viridisLite

Package: shiny
Source: CRAN
Version: 1.0.5
Hash: 4d47532a807122bfd6bc3818310f9d2e
Requires: R6, digest, htmltools, httpuv, jsonlite, mime, sourcetools,
    xtable

Package: shinyBS
Source: CRAN
Version: 0.61
Hash: 4644935bd93e62a0b82686b26af7efc2
Requires: htmltools, shiny

Package: shinydashboard
Source: CRAN
Version: 0.6.1
Hash: b48e9bf83e320416eca507dd0d75b362
Requires: htmltools, shiny

Package: sourcetools
Source: CRAN
Version: 0.1.6
Hash: 226d56d7469587da40b0f96180e711b4

Package: stringi
Source: CRAN
Version: 1.1.5
Hash: b6308e49357a0b475f433599e0d8b5eb

Package: stringr
Source: CRAN
Version: 1.2.0
Hash: 25a86d7f410513ebb7c0bc6a5e16bdc3
Requires: magrittr, stringi

Package: tibble
Source: CRAN
Version: 1.3.4
Hash: 3b72bdedb6c27fb216574ab9b15f2d43
Requires: Rcpp, rlang

Package: tidyr
Source: CRAN
Version: 0.7.1
Hash: faa86dddf66de38a5af3db4e6f49c467
Requires: Rcpp, dplyr, glue, magrittr, purrr, rlang, stringi, tibble,
    tidyselect

Package: tidyselect
Source: CRAN
Version: 0.2.0
Hash: b1ecf252f65f2bfe3bf1f41a4e7f66b6
Requires: Rcpp, glue, purrr, rlang

Package: viridisLite
Source: CRAN
Version: 0.2.0
Hash: 10f0c25af3dc84eaae10f5854f47efdb

Package: xtable
Source: CRAN
Version: 1.8-2
Hash: 7293235cfcc14cdff1ce7fd1a0212031

Package: xts
Source: CRAN
Version: 0.10-0
Hash: 03131e6ac5458d08143205a198284f18
Requires: zoo

Package: yaml
Source: CRAN
Version: 2.1.14
Hash: c81230c3a7d9ba20607ad6b4331173d1

Package: zoo
Source: CRAN
Version: 1.8-0
Hash: df9711767f56f086e8a8d1f0fb926ff6
Requires: lattice
